{
    "_meta": {
        "hash": {
            "sha256": "14362248b1187e6b2a721229bf5ee07d45263f1475c02d1abbccef5e42f4102b"
        },
        "pipfile-spec": 6,
        "requires": {
            "python_version": "3.6"
        },
        "sources": [
            {
                "name": "pypi",
                "url": "https://pypi.org/simple",
                "verify_ssl": true
            }
        ]
    },
    "default": {
        "paho-mqtt": {
            "hashes": [
                "sha256:31911f6031de306c27ed79dc77b690d7c55b0dcb0f0434ca34ec6361d0371122"
            ],
            "index": "pypi",
            "version": "==1.3.1"
        }
    },
    "develop": {}
}
